version: '1.1'
languages:
  java:
    packages:
      zombie.ui:
        Clock:
          extends: zombie.ui.UIElement
          modifiers:
          - public
          - final
          fields:
            alarmBellSpacing:
              name: alarmBellSpacing
              modifiers:
              - private
              type:
                basic: int
                full: int
            alarmBellVerticalSpacing:
              name: alarmBellVerticalSpacing
              modifiers:
              - private
              type:
                basic: int
                full: int
            alarmOn:
              name: alarmOn
              modifiers:
              - private
              type:
                basic: Texture
                full: zombie.core.textures.Texture
            alarmRinging:
              name: alarmRinging
              modifiers:
              - private
              type:
                basic: Texture
                full: zombie.core.textures.Texture
            amVerticalSpacing:
              name: amVerticalSpacing
              modifiers:
              - private
              type:
                basic: int
                full: int
            ampmSpacing:
              name: ampmSpacing
              modifiers:
              - private
              type:
                basic: int
                full: int
            bLargeTextures:
              name: bLargeTextures
              modifiers:
              - private
              type:
                basic: boolean
                full: boolean
            background:
              name: background
              modifiers:
              - private
              type:
                basic: Texture
                full: zombie.core.textures.Texture
            clockPlayer:
              name: clockPlayer
              modifiers:
              - private
              type:
                basic: IsoPlayer
                full: zombie.characters.IsoPlayer
            colon:
              name: colon
              modifiers:
              - private
              type:
                basic: Texture
                full: zombie.core.textures.Texture
            colonSpacing:
              name: colonSpacing
              modifiers:
              - private
              type:
                basic: int
                full: int
            dateOffset:
              name: dateOffset
              modifiers:
              - private
              type:
                basic: int
                full: int
            decimalSpacing:
              name: decimalSpacing
              modifiers:
              - private
              type:
                basic: int
                full: int
            decimalVerticalSpacing:
              name: decimalVerticalSpacing
              modifiers:
              - private
              type:
                basic: int
                full: int
            degreeSpacing:
              name: degreeSpacing
              modifiers:
              - private
              type:
                basic: int
                full: int
            digital:
              name: digital
              modifiers:
              - private
              type:
                basic: boolean
                full: boolean
            digitsLarge:
              name: digitsLarge
              modifiers:
              - private
              type:
                basic: Texture
                full: zombie.core.textures.Texture[]
            digitsSmall:
              name: digitsSmall
              modifiers:
              - private
              type:
                basic: Texture
                full: zombie.core.textures.Texture[]
            displayColour:
              name: displayColour
              modifiers:
              - private
              type:
                basic: Color
                full: zombie.core.Color
            displayVerticalSpacing:
              name: displayVerticalSpacing
              modifiers:
              - private
              type:
                basic: int
                full: int
            dot:
              name: dot
              modifiers:
              - private
              type:
                basic: Texture
                full: zombie.core.textures.Texture
            ghostColour:
              name: ghostColour
              modifiers:
              - private
              type:
                basic: Color
                full: zombie.core.Color
            isAlarmRinging:
              name: isAlarmRinging
              modifiers:
              - private
              type:
                basic: boolean
                full: boolean
            isAlarmSet:
              name: isAlarmSet
              modifiers:
              - private
              type:
                basic: boolean
                full: boolean
            largeDigitSpacing:
              name: largeDigitSpacing
              modifiers:
              - private
              type:
                basic: int
                full: int
            minus:
              name: minus
              modifiers:
              - private
              type:
                basic: Texture
                full: zombie.core.textures.Texture
            minusOffset:
              name: minusOffset
              modifiers:
              - private
              type:
                basic: int
                full: int
            pmVerticalSpacing:
              name: pmVerticalSpacing
              modifiers:
              - private
              type:
                basic: int
                full: int
            slash:
              name: slash
              modifiers:
              - private
              type:
                basic: Texture
                full: zombie.core.textures.Texture
            slashSpacing:
              name: slashSpacing
              modifiers:
              - private
              type:
                basic: int
                full: int
            smallDigitSpacing:
              name: smallDigitSpacing
              modifiers:
              - private
              type:
                basic: int
                full: int
            tempC:
              name: tempC
              modifiers:
              - private
              type:
                basic: Texture
                full: zombie.core.textures.Texture
            tempDateSpacing:
              name: tempDateSpacing
              modifiers:
              - private
              type:
                basic: int
                full: int
            tempE:
              name: tempE
              modifiers:
              - private
              type:
                basic: Texture
                full: zombie.core.textures.Texture
            tempF:
              name: tempF
              modifiers:
              - private
              type:
                basic: Texture
                full: zombie.core.textures.Texture
            texAM:
              name: texAM
              modifiers:
              - private
              type:
                basic: Texture
                full: zombie.core.textures.Texture
            texPM:
              name: texPM
              modifiers:
              - private
              type:
                basic: Texture
                full: zombie.core.textures.Texture
            uxOriginal:
              name: uxOriginal
              modifiers:
              - private
              type:
                basic: int
                full: int
            uyOriginal:
              name: uyOriginal
              modifiers:
              - private
              type:
                basic: int
                full: int
          staticFields:
            instance:
              name: instance
              modifiers:
              - public
              - static
              type:
                basic: Clock
                full: zombie.ui.Clock
          constructors:
          - modifiers:
            - public
            parameters:
            - name: x
              type:
                basic: int
                full: int
            - name: y
              type:
                basic: int
                full: int
          methods:
          - name: assignLargeOffsets
            modifiers:
            - private
            return:
              type:
                basic: void
                full: void
          - name: assignSmallOffsets
            modifiers:
            - private
            return:
              type:
                basic: void
                full: void
          - name: assignTextures
            modifiers:
            - private
            parameters:
            - name: arg0
              type:
                basic: boolean
                full: boolean
            return:
              type:
                basic: void
                full: void
          - name: dateDigits
            modifiers:
            - private
            return:
              type:
                basic: int
                full: int[]
          - name: isDateVisible
            modifiers:
            - public
            return:
              type:
                basic: boolean
                full: boolean
          - name: onMouseDown
            modifiers:
            - public
            parameters:
            - name: x
              type:
                basic: double
                full: double
            - name: y
              type:
                basic: double
                full: double
            return:
              type:
                basic: Boolean
                full: java.lang.Boolean
          - name: render
            modifiers:
            - public
            return:
              type:
                basic: void
                full: void
          - name: renderDisplay
            modifiers:
            - private
            parameters:
            - name: arg0
              type:
                basic: boolean
                full: boolean
            - name: arg1
              type:
                basic: Color
                full: zombie.core.Color
            return:
              type:
                basic: void
                full: void
          - name: resize
            modifiers:
            - public
            return:
              type:
                basic: void
                full: void
          - name: tempDigits
            modifiers:
            - private
            return:
              type:
                basic: int
                full: int[]
          - name: timeDigits
            modifiers:
            - private
            return:
              type:
                basic: int
                full: int[]
