version: '1.1'
languages:
  java:
    packages:
      zombie.core.rendering:
        ShaderPropertyBlock:
          extends: java.lang.Object
          modifiers:
          - public
          fields:
            data:
              name: data
              modifiers:
              - private
              type:
                basic: ByteBuffer
                full: java.nio.ByteBuffer
            parameters:
              name: parameters
              modifiers:
              - private
              type:
                basic: HashMap
                full: java.util.HashMap<java.lang.String, zombie.core.rendering.ShaderParameter>
            shader:
              name: shader
              modifiers:
              - private
              type:
                basic: Shader
                full: zombie.core.skinnedmodel.shader.Shader
          constructors:
          - modifiers:
            - public
          methods:
          - name: CopyParameters
            modifiers:
            - public
            parameters:
            - name: arg0
              type:
                basic: ShaderPropertyBlock
                full: zombie.core.rendering.ShaderPropertyBlock
            return:
              type:
                basic: void
                full: void
          - name: CopyToInstanced
            modifiers:
            - public
            parameters:
            - name: arg0
              type:
                basic: InstancedBuffer
                full: zombie.core.rendering.InstancedBuffer
            return:
              type:
                basic: void
                full: void
          - name: CreateAndFillArray
            modifiers:
            - private
            parameters:
            - name: arg0
              type:
                basic: Class
                full: java.lang.Class<T[]>
            - name: arg1
              type:
                basic: Class
                full: java.lang.Class<T>
            - name: arg2
              type:
                basic: int
                full: int
            return:
              type:
                basic: T
                full: T[]
          - name: GetParameter
            modifiers:
            - public
            parameters:
            - name: arg0
              type:
                basic: String
                full: java.lang.String
            return:
              type:
                basic: ShaderParameter
                full: zombie.core.rendering.ShaderParameter
          - name: SetArrayElement
            modifiers:
            - private
            parameters:
            - name: arg0
              type:
                basic: String
                full: java.lang.String
            - name: arg1
              type:
                basic: int
                full: int
            - name: arg2
              type:
                basic: T
                full: T
            - name: arg3
              type:
                basic: Class
                full: java.lang.Class<T[]>
            return:
              type:
                basic: void
                full: void
          - name: SetFloat
            modifiers:
            - public
            parameters:
            - name: arg0
              type:
                basic: String
                full: java.lang.String
            - name: arg1
              type:
                basic: float
                full: float
            return:
              type:
                basic: void
                full: void
          - name: SetFloatArray
            modifiers:
            - public
            parameters:
            - name: arg0
              type:
                basic: String
                full: java.lang.String
            - name: arg1
              type:
                basic: float
                full: float[]
            return:
              type:
                basic: void
                full: void
          - name: SetFloatArrayElement
            modifiers:
            - public
            parameters:
            - name: arg0
              type:
                basic: String
                full: java.lang.String
            - name: arg1
              type:
                basic: int
                full: int
            - name: arg2
              type:
                basic: float
                full: float
            return:
              type:
                basic: void
                full: void
          - name: SetInt
            modifiers:
            - public
            parameters:
            - name: arg0
              type:
                basic: String
                full: java.lang.String
            - name: arg1
              type:
                basic: int
                full: int
            return:
              type:
                basic: void
                full: void
          - name: SetMatrix3
            modifiers:
            - public
            parameters:
            - name: arg0
              type:
                basic: String
                full: java.lang.String
            - name: arg1
              type:
                basic: Matrix3f
                full: org.lwjgl.util.vector.Matrix3f
            return:
              type:
                basic: void
                full: void
          - name: SetMatrix3Array
            modifiers:
            - public
            parameters:
            - name: arg0
              type:
                basic: String
                full: java.lang.String
            - name: arg1
              type:
                basic: Matrix3f
                full: org.lwjgl.util.vector.Matrix3f[]
            return:
              type:
                basic: void
                full: void
          - name: SetMatrix3ArrayElement
            modifiers:
            - public
            parameters:
            - name: arg0
              type:
                basic: String
                full: java.lang.String
            - name: arg1
              type:
                basic: int
                full: int
            - name: arg2
              type:
                basic: Matrix3f
                full: org.lwjgl.util.vector.Matrix3f
            return:
              type:
                basic: void
                full: void
          - name: SetMatrix4
            modifiers:
            - public
            parameters:
            - name: arg0
              type:
                basic: String
                full: java.lang.String
            - name: arg1
              type:
                basic: Matrix4f
                full: org.lwjgl.util.vector.Matrix4f
            return:
              type:
                basic: Matrix4f
                full: org.lwjgl.util.vector.Matrix4f
          - name: SetMatrix4
            modifiers:
            - public
            parameters:
            - name: arg0
              type:
                basic: String
                full: java.lang.String
            - name: arg1
              type:
                basic: Matrix4f
                full: org.joml.Matrix4f
            return:
              type:
                basic: Matrix4f
                full: org.lwjgl.util.vector.Matrix4f
          - name: SetMatrix4
            modifiers:
            - public
            parameters:
            - name: arg0
              type:
                basic: String
                full: java.lang.String
            - name: arg1
              type:
                basic: FloatBuffer
                full: java.nio.FloatBuffer
            return:
              type:
                basic: Matrix4f
                full: org.lwjgl.util.vector.Matrix4f
          - name: SetMatrix4Array
            modifiers:
            - public
            parameters:
            - name: arg0
              type:
                basic: String
                full: java.lang.String
            - name: arg1
              type:
                basic: Matrix4f
                full: org.lwjgl.util.vector.Matrix4f[]
            return:
              type:
                basic: void
                full: void
          - name: SetMatrix4Array
            modifiers:
            - public
            parameters:
            - name: arg0
              type:
                basic: String
                full: java.lang.String
            - name: arg1
              type:
                basic: FloatBuffer
                full: java.nio.FloatBuffer
            return:
              type:
                basic: void
                full: void
          - name: SetMatrix4ArrayElement
            modifiers:
            - public
            parameters:
            - name: arg0
              type:
                basic: String
                full: java.lang.String
            - name: arg1
              type:
                basic: int
                full: int
            - name: arg2
              type:
                basic: Matrix4f
                full: org.lwjgl.util.vector.Matrix4f
            return:
              type:
                basic: void
                full: void
          - name: SetShader
            modifiers:
            - public
            parameters:
            - name: arg0
              type:
                basic: Shader
                full: zombie.core.skinnedmodel.shader.Shader
            return:
              type:
                basic: void
                full: void
          - name: SetVector2
            modifiers:
            - public
            parameters:
            - name: arg0
              type:
                basic: String
                full: java.lang.String
            - name: arg1
              type:
                basic: Vector2f
                full: org.lwjgl.util.vector.Vector2f
            return:
              type:
                basic: void
                full: void
          - name: SetVector2
            modifiers:
            - public
            parameters:
            - name: arg0
              type:
                basic: String
                full: java.lang.String
            - name: arg1
              type:
                basic: float
                full: float
            - name: arg2
              type:
                basic: float
                full: float
            return:
              type:
                basic: void
                full: void
          - name: SetVector2Array
            modifiers:
            - public
            parameters:
            - name: arg0
              type:
                basic: String
                full: java.lang.String
            - name: arg1
              type:
                basic: Vector2f
                full: org.lwjgl.util.vector.Vector2f[]
            return:
              type:
                basic: void
                full: void
          - name: SetVector2ArrayElement
            modifiers:
            - public
            parameters:
            - name: arg0
              type:
                basic: String
                full: java.lang.String
            - name: arg1
              type:
                basic: int
                full: int
            - name: arg2
              type:
                basic: Vector2f
                full: org.lwjgl.util.vector.Vector2f
            return:
              type:
                basic: void
                full: void
          - name: SetVector2ArrayElement
            modifiers:
            - public
            parameters:
            - name: arg0
              type:
                basic: String
                full: java.lang.String
            - name: arg1
              type:
                basic: int
                full: int
            - name: arg2
              type:
                basic: float
                full: float
            - name: arg3
              type:
                basic: float
                full: float
            return:
              type:
                basic: void
                full: void
          - name: SetVector3
            modifiers:
            - public
            parameters:
            - name: arg0
              type:
                basic: String
                full: java.lang.String
            - name: arg1
              type:
                basic: Vector3f
                full: org.lwjgl.util.vector.Vector3f
            return:
              type:
                basic: void
                full: void
          - name: SetVector3
            modifiers:
            - public
            parameters:
            - name: arg0
              type:
                basic: String
                full: java.lang.String
            - name: arg1
              type:
                basic: float
                full: float
            - name: arg2
              type:
                basic: float
                full: float
            - name: arg3
              type:
                basic: float
                full: float
            return:
              type:
                basic: void
                full: void
          - name: SetVector3Array
            modifiers:
            - public
            parameters:
            - name: arg0
              type:
                basic: String
                full: java.lang.String
            - name: arg1
              type:
                basic: Vector3f
                full: org.lwjgl.util.vector.Vector3f[]
            return:
              type:
                basic: void
                full: void
          - name: SetVector3ArrayElement
            modifiers:
            - public
            parameters:
            - name: arg0
              type:
                basic: String
                full: java.lang.String
            - name: arg1
              type:
                basic: int
                full: int
            - name: arg2
              type:
                basic: Vector3f
                full: org.lwjgl.util.vector.Vector3f
            return:
              type:
                basic: void
                full: void
          - name: SetVector3ArrayElement
            modifiers:
            - public
            parameters:
            - name: arg0
              type:
                basic: String
                full: java.lang.String
            - name: arg1
              type:
                basic: int
                full: int
            - name: arg2
              type:
                basic: float
                full: float
            - name: arg3
              type:
                basic: float
                full: float
            - name: arg4
              type:
                basic: float
                full: float
            return:
              type:
                basic: void
                full: void
          - name: SetVector4
            modifiers:
            - public
            parameters:
            - name: arg0
              type:
                basic: String
                full: java.lang.String
            - name: arg1
              type:
                basic: Vector4f
                full: org.lwjgl.util.vector.Vector4f
            return:
              type:
                basic: void
                full: void
          - name: SetVector4
            modifiers:
            - public
            parameters:
            - name: arg0
              type:
                basic: String
                full: java.lang.String
            - name: arg1
              type:
                basic: float
                full: float
            - name: arg2
              type:
                basic: float
                full: float
            - name: arg3
              type:
                basic: float
                full: float
            - name: arg4
              type:
                basic: float
                full: float
            return:
              type:
                basic: void
                full: void
          - name: SetVector4Array
            modifiers:
            - public
            parameters:
            - name: arg0
              type:
                basic: String
                full: java.lang.String
            - name: arg1
              type:
                basic: Vector4f
                full: org.lwjgl.util.vector.Vector4f[]
            return:
              type:
                basic: void
                full: void
          - name: SetVector4ArrayElement
            modifiers:
            - public
            parameters:
            - name: arg0
              type:
                basic: String
                full: java.lang.String
            - name: arg1
              type:
                basic: int
                full: int
            - name: arg2
              type:
                basic: Vector4f
                full: org.lwjgl.util.vector.Vector4f
            return:
              type:
                basic: void
                full: void
          - name: SetVector4ArrayElement
            modifiers:
            - public
            parameters:
            - name: arg0
              type:
                basic: String
                full: java.lang.String
            - name: arg1
              type:
                basic: int
                full: int
            - name: arg2
              type:
                basic: float
                full: float
            - name: arg3
              type:
                basic: float
                full: float
            - name: arg4
              type:
                basic: float
                full: float
            - name: arg5
              type:
                basic: float
                full: float
            return:
              type:
                basic: void
                full: void
          - name: StoreProperties
            modifiers:
            - public
            return:
              type:
                basic: void
                full: void
