version: '1.1'
languages:
  java:
    packages:
      java.util.concurrent.locks:
        ReadWriteLock:
          extends: java.lang.Object
          modifiers:
          - public
          - abstract
          methods:
          - name: readLock
            modifiers:
            - public
            - abstract
            return:
              type:
                basic: Lock
                full: java.util.concurrent.locks.Lock
          - name: writeLock
            modifiers:
            - public
            - abstract
            return:
              type:
                basic: Lock
                full: java.util.concurrent.locks.Lock
