version: '1.1'
languages:
  java:
    packages:
      java.time:
        Clock:
          methods:
          - name: equals
            modifiers:
            - public
            parameters:
            - name: arg0
              type:
                basic: Object
                full: java.lang.Object
            return:
              type:
                basic: boolean
                full: boolean
          - name: getZone
            modifiers:
            - public
            return:
              type:
                basic: ZoneId
                full: java.time.ZoneId
          - name: hashCode
            modifiers:
            - public
            return:
              type:
                basic: int
                full: int
          - name: instant
            modifiers:
            - public
            return:
              type:
                basic: Instant
                full: java.time.Instant
          - name: instant
            modifiers:
            - public
            return:
              type:
                basic: Instant
                full: java.time.Instant
          - name: millis
            modifiers:
            - public
            return:
              type:
                basic: long
                full: long
          - name: millis
            modifiers:
            - public
            return:
              type:
                basic: long
                full: long
          - name: withZone
            modifiers:
            - public
            parameters:
            - name: arg0
              type:
                basic: ZoneId
                full: java.time.ZoneId
            return:
              type:
                basic: Clock
                full: java.time.Clock
          - name: withZone
            modifiers:
            - public
            parameters:
            - name: arg0
              type:
                basic: ZoneId
                full: java.time.ZoneId
            return:
              type:
                basic: Clock
                full: java.time.Clock
          staticMethods:
          - name: fixed
            modifiers:
            - public
            - static
            parameters:
            - name: arg0
              type:
                basic: Instant
                full: java.time.Instant
            return:
              type:
                basic: InstantSource
                full: java.time.InstantSource
          - name: fixed
            modifiers:
            - public
            - static
            parameters:
            - name: arg0
              type:
                basic: Instant
                full: java.time.Instant
            - name: arg1
              type:
                basic: ZoneId
                full: java.time.ZoneId
            return:
              type:
                basic: Clock
                full: java.time.Clock
          - name: offset
            modifiers:
            - public
            - static
            parameters:
            - name: arg0
              type:
                basic: Clock
                full: java.time.Clock
            - name: arg1
              type:
                basic: Duration
                full: java.time.Duration
            return:
              type:
                basic: Clock
                full: java.time.Clock
          - name: offset
            modifiers:
            - public
            - static
            parameters:
            - name: arg0
              type:
                basic: InstantSource
                full: java.time.InstantSource
            - name: arg1
              type:
                basic: Duration
                full: java.time.Duration
            return:
              type:
                basic: InstantSource
                full: java.time.InstantSource
          - name: system
            modifiers:
            - public
            - static
            return:
              type:
                basic: Clock
                full: java.time.Clock
          - name: system
            modifiers:
            - public
            - static
            parameters:
            - name: arg0
              type:
                basic: ZoneId
                full: java.time.ZoneId
            return:
              type:
                basic: Clock
                full: java.time.Clock
          - name: systemDefaultZone
            modifiers:
            - public
            - static
            return:
              type:
                basic: Clock
                full: java.time.Clock
          - name: systemUTC
            modifiers:
            - public
            - static
            return:
              type:
                basic: Clock
                full: java.time.Clock
          - name: tick
            modifiers:
            - public
            - static
            parameters:
            - name: arg0
              type:
                basic: Clock
                full: java.time.Clock
            - name: arg1
              type:
                basic: Duration
                full: java.time.Duration
            return:
              type:
                basic: Clock
                full: java.time.Clock
          - name: tick
            modifiers:
            - public
            - static
            parameters:
            - name: arg0
              type:
                basic: InstantSource
                full: java.time.InstantSource
            - name: arg1
              type:
                basic: Duration
                full: java.time.Duration
            return:
              type:
                basic: InstantSource
                full: java.time.InstantSource
          - name: tickMillis
            modifiers:
            - public
            - static
            parameters:
            - name: arg0
              type:
                basic: ZoneId
                full: java.time.ZoneId
            return:
              type:
                basic: Clock
                full: java.time.Clock
          - name: tickMinutes
            modifiers:
            - public
            - static
            parameters:
            - name: arg0
              type:
                basic: ZoneId
                full: java.time.ZoneId
            return:
              type:
                basic: Clock
                full: java.time.Clock
          - name: tickSeconds
            modifiers:
            - public
            - static
            parameters:
            - name: arg0
              type:
                basic: ZoneId
                full: java.time.ZoneId
            return:
              type:
                basic: Clock
                full: java.time.Clock
          javaType: class
          extends: Object
