version: '1.1'
languages:
  java:
    packages:
      java.util.concurrent.locks:
        Lock:
          extends: java.lang.Object
          modifiers:
          - public
          - abstract
          methods:
          - name: lock
            modifiers:
            - public
            - abstract
            return:
              type:
                basic: void
                full: void
          - name: lockInterruptibly
            modifiers:
            - public
            - abstract
            return:
              type:
                basic: void
                full: void
          - name: newCondition
            modifiers:
            - public
            - abstract
            return:
              type:
                basic: Condition
                full: java.util.concurrent.locks.Condition
          - name: tryLock
            modifiers:
            - public
            - abstract
            return:
              type:
                basic: boolean
                full: boolean
          - name: tryLock
            modifiers:
            - public
            - abstract
            parameters:
            - name: arg0
              type:
                basic: long
                full: long
            - name: arg1
              type:
                basic: TimeUnit
                full: java.util.concurrent.TimeUnit
            return:
              type:
                basic: boolean
                full: boolean
          - name: unlock
            modifiers:
            - public
            - abstract
            return:
              type:
                basic: void
                full: void
