version: '1.1'
languages:
  java:
    packages:
      java.util.concurrent.locks:
        ReentrantLock:
          constructors:
          - modifiers:
            - public
          - modifiers:
            - public
            parameters:
            - name: arg0
              type:
                basic: boolean
                full: boolean
          methods:
          - name: __toString__
            modifiers:
            - public
            return:
              type:
                basic: String
                full: java.lang.String
          - name: getHoldCount
            modifiers:
            - public
            return:
              type:
                basic: int
                full: int
          - name: getQueueLength
            modifiers:
            - public
            - final
            return:
              type:
                basic: int
                full: int
          - name: getWaitQueueLength
            modifiers:
            - public
            parameters:
            - name: arg0
              type:
                basic: Condition
                full: java.util.concurrent.locks.Condition
            return:
              type:
                basic: int
                full: int
          - name: hasQueuedThread
            modifiers:
            - public
            - final
            parameters:
            - name: arg0
              type:
                basic: Thread
                full: java.lang.Thread
            return:
              type:
                basic: boolean
                full: boolean
          - name: hasQueuedThreads
            modifiers:
            - public
            - final
            return:
              type:
                basic: boolean
                full: boolean
          - name: hasWaiters
            modifiers:
            - public
            parameters:
            - name: arg0
              type:
                basic: Condition
                full: java.util.concurrent.locks.Condition
            return:
              type:
                basic: boolean
                full: boolean
          - name: isFair
            modifiers:
            - public
            - final
            return:
              type:
                basic: boolean
                full: boolean
          - name: isHeldByCurrentThread
            modifiers:
            - public
            return:
              type:
                basic: boolean
                full: boolean
          - name: isLocked
            modifiers:
            - public
            return:
              type:
                basic: boolean
                full: boolean
          - name: lock
            modifiers:
            - public
            return:
              type:
                basic: void
                full: void
          - name: lock
            modifiers:
            - public
            return:
              type:
                basic: void
                full: void
          - name: lockInterruptibly
            modifiers:
            - public
            return:
              type:
                basic: void
                full: void
          - name: lockInterruptibly
            modifiers:
            - public
            return:
              type:
                basic: void
                full: void
          - name: newCondition
            modifiers:
            - public
            return:
              type:
                basic: Condition
                full: java.util.concurrent.locks.Condition
          - name: newCondition
            modifiers:
            - public
            return:
              type:
                basic: Condition
                full: java.util.concurrent.locks.Condition
          - name: tryLock
            modifiers:
            - public
            return:
              type:
                basic: boolean
                full: boolean
          - name: tryLock
            modifiers:
            - public
            return:
              type:
                basic: boolean
                full: boolean
          - name: tryLock
            modifiers:
            - public
            parameters:
            - name: arg0
              type:
                basic: long
                full: long
            - name: arg1
              type:
                basic: TimeUnit
                full: java.util.concurrent.TimeUnit
            return:
              type:
                basic: boolean
                full: boolean
          - name: tryLock
            modifiers:
            - public
            parameters:
            - name: arg0
              type:
                basic: long
                full: long
            - name: arg1
              type:
                basic: TimeUnit
                full: java.util.concurrent.TimeUnit
            return:
              type:
                basic: boolean
                full: boolean
          - name: unlock
            modifiers:
            - public
            return:
              type:
                basic: void
                full: void
          - name: unlock
            modifiers:
            - public
            return:
              type:
                basic: void
                full: void
          javaType: class
          extends: Object
