version: '1.1'
languages:
  java:
    packages:
      java.util.concurrent.locks:
        Lock:
          methods:
          - name: lock
            modifiers:
            - public
            return:
              type:
                basic: void
                full: void
          - name: lockInterruptibly
            modifiers:
            - public
            return:
              type:
                basic: void
                full: void
          - name: newCondition
            modifiers:
            - public
            return:
              type:
                basic: Condition
                full: java.util.concurrent.locks.Condition
          - name: tryLock
            modifiers:
            - public
            return:
              type:
                basic: boolean
                full: boolean
          - name: tryLock
            modifiers:
            - public
            parameters:
            - name: arg0
              type:
                basic: long
                full: long
            - name: arg1
              type:
                basic: TimeUnit
                full: java.util.concurrent.TimeUnit
            return:
              type:
                basic: boolean
                full: boolean
          - name: unlock
            modifiers:
            - public
            return:
              type:
                basic: void
                full: void
          javaType: interface
          extends: null
