version: '1.1'
languages:
  java:
    packages:
      zombie.inventory.types:
        IAlarmClock:
          methods:
          - name: getHour
            modifiers:
            - public
            return:
              type:
                basic: int
                full: int
          - name: getMinute
            modifiers:
            - public
            return:
              type:
                basic: int
                full: int
          - name: isAlarmSet
            modifiers:
            - public
            return:
              type:
                basic: boolean
                full: boolean
          - name: setAlarmSet
            modifiers:
            - public
            parameters:
            - name: arg0
              type:
                basic: boolean
                full: boolean
            return:
              type:
                basic: void
                full: void
          - name: setForceDontRing
            modifiers:
            - public
            parameters:
            - name: arg0
              type:
                basic: int
                full: int
            return:
              type:
                basic: void
                full: void
          - name: setHour
            modifiers:
            - public
            parameters:
            - name: arg0
              type:
                basic: int
                full: int
            return:
              type:
                basic: void
                full: void
          - name: setMinute
            modifiers:
            - public
            parameters:
            - name: arg0
              type:
                basic: int
                full: int
            return:
              type:
                basic: void
                full: void
          - name: stopRinging
            modifiers:
            - public
            return:
              type:
                basic: void
                full: void
          javaType: interface
          extends: null
