version: '1.1'
languages:
  java:
    packages:
      zombie.ui:
        Clock:
          modifiers:
          - public
          - final
          fields:
            digital:
              name: digital
              modifiers:
              - public
              type:
                basic: boolean
            isAlarmRinging:
              name: isAlarmRinging
              modifiers:
              - public
              type:
                basic: boolean
            isAlarmSet:
              name: isAlarmSet
              modifiers:
              - public
              type:
                basic: boolean
          staticFields:
            instance:
              name: instance
              modifiers:
              - public
              - static
              type:
                basic: Clock
          constructors:
          - modifiers:
            - public
            parameters:
            - name: x
              type:
                basic: int
            - name: y
              type:
                basic: int
          methods:
          - name: isDateVisible
            modifiers:
            - public
            return:
              type:
                basic: boolean
          - name: onMouseDown
            modifiers:
            - public
            parameters:
            - name: x
              type:
                basic: double
            - name: y
              type:
                basic: double
            return:
              type:
                basic: Boolean
          - name: render
            modifiers:
            - public
            return:
              type:
                basic: void
          - name: resize
            modifiers:
            - public
            return:
              type:
                basic: void
          javaType: class
          extends: UIElement
