version: '1.1'
languages:
  java:
    packages:
      zombie.scripting:
        Block:
          modifiers:
          - public
          - static
          fields:
            children:
              name: children
              modifiers:
              - public
              - final
              type:
                basic: ArrayList
            elements:
              name: elements
              modifiers:
              - public
              - final
              type:
                basic: ArrayList
            id:
              name: id
              modifiers:
              - public
              type:
                basic: String
            type:
              name: type
              modifiers:
              - public
              type:
                basic: String
            values:
              name: values
              modifiers:
              - public
              - final
              type:
                basic: ArrayList
          constructors:
          - modifiers:
            - public
          methods:
          - name: addBlock
            modifiers:
            - public
            parameters:
            - name: type
              type:
                basic: String
            - name: id
              type:
                basic: String
            return:
              type:
                basic: Block
          - name: addValue
            modifiers:
            - public
            parameters:
            - name: key
              type:
                basic: String
            - name: value
              type:
                basic: String
            return:
              type:
                basic: Value
          - name: asBlock
            modifiers:
            - public
            return:
              type:
                basic: Block
          - name: asValue
            modifiers:
            - public
            return:
              type:
                basic: Value
          - name: getBlock
            modifiers:
            - public
            parameters:
            - name: type
              type:
                basic: String
            - name: id
              type:
                basic: String
            return:
              type:
                basic: Block
          - name: getValue
            modifiers:
            - public
            parameters:
            - name: key
              type:
                basic: String
            return:
              type:
                basic: Value
          - name: isEmpty
            modifiers:
            - public
            return:
              type:
                basic: boolean
          - name: moveValueAfter
            modifiers:
            - public
            parameters:
            - name: keyMove
              type:
                basic: String
            - name: keyAfter
              type:
                basic: String
            return:
              type:
                basic: void
          - name: prettyPrint
            modifiers:
            - public
            parameters:
            - name: indent
              type:
                basic: int
            - name: sb
              type:
                basic: StringBuilder
            - name: eol
              type:
                basic: String
            return:
              type:
                basic: void
          - name: prettyPrintElements
            modifiers:
            - public
            parameters:
            - name: indent
              type:
                basic: int
            - name: sb
              type:
                basic: StringBuilder
            - name: eol
              type:
                basic: String
            return:
              type:
                basic: void
          - name: setValue
            modifiers:
            - public
            parameters:
            - name: key
              type:
                basic: String
            - name: value
              type:
                basic: String
            return:
              type:
                basic: void
          javaType: class
          extends: Object
