version: '1.1'
languages:
  java:
    packages:
      zombie.iso:
        IsoChunk.ChunkLock:
          extends: java.lang.Object
          modifiers:
          - package
          fields:
            count:
              name: count
              modifiers:
              - public
              type:
                basic: int
                full: int
            rw:
              name: rw
              modifiers:
              - public
              type:
                basic: ReentrantReadWriteLock
                full: java.util.concurrent.locks.ReentrantReadWriteLock
            wx:
              name: wx
              modifiers:
              - public
              type:
                basic: int
                full: int
            wy:
              name: wy
              modifiers:
              - public
              type:
                basic: int
                full: int
          staticFields:
            $assertionsDisabled:
              name: $assertionsDisabled
              modifiers:
              - package
              - static
              type:
                basic: boolean
                full: boolean
          constructors:
          - modifiers:
            - public
            parameters:
            - name: arg0
              type:
                basic: int
                full: int
            - name: arg1
              type:
                basic: int
                full: int
          methods:
          - name: deref
            modifiers:
            - public
            return:
              type:
                basic: int
                full: int
          - name: lockForReading
            modifiers:
            - public
            return:
              type:
                basic: void
                full: void
          - name: lockForWriting
            modifiers:
            - public
            return:
              type:
                basic: void
                full: void
          - name: ref
            modifiers:
            - public
            return:
              type:
                basic: IsoChunk.ChunkLock
                full: zombie.iso.IsoChunk$ChunkLock
          - name: set
            modifiers:
            - public
            parameters:
            - name: arg0
              type:
                basic: int
                full: int
            - name: arg1
              type:
                basic: int
                full: int
            return:
              type:
                basic: IsoChunk.ChunkLock
                full: zombie.iso.IsoChunk$ChunkLock
          - name: unlockForReading
            modifiers:
            - public
            return:
              type:
                basic: void
                full: void
          - name: unlockForWriting
            modifiers:
            - public
            return:
              type:
                basic: void
                full: void
