version: '1.1'
languages:
  java:
    packages:
      java.nio.channels:
        FileLock:
          methods:
          - name: __toString__
            modifiers:
            - public
            - final
            return:
              type:
                basic: String
                full: java.lang.String
          - name: acquiredBy
            modifiers:
            - public
            return:
              type:
                basic: Channel
                full: java.nio.channels.Channel
          - name: channel
            modifiers:
            - public
            - final
            return:
              type:
                basic: FileChannel
                full: java.nio.channels.FileChannel
          - name: close
            modifiers:
            - public
            - final
            return:
              type:
                basic: void
                full: void
          - name: close
            modifiers:
            - public
            - final
            return:
              type:
                basic: void
                full: void
          - name: isShared
            modifiers:
            - public
            - final
            return:
              type:
                basic: boolean
                full: boolean
          - name: isValid
            modifiers:
            - public
            return:
              type:
                basic: boolean
                full: boolean
          - name: overlaps
            modifiers:
            - public
            - final
            parameters:
            - name: arg0
              type:
                basic: long
                full: long
            - name: arg1
              type:
                basic: long
                full: long
            return:
              type:
                basic: boolean
                full: boolean
          - name: position
            modifiers:
            - public
            - final
            return:
              type:
                basic: long
                full: long
          - name: release
            modifiers:
            - public
            return:
              type:
                basic: void
                full: void
          - name: size
            modifiers:
            - public
            - final
            return:
              type:
                basic: long
                full: long
          javaType: class
          extends: Object
